
Microsoft Visual Studio Solution File, Format Version 12.00
# Visual Studio Version 16
VisualStudioVersion = 16.0.31702.278
MinimumVisualStudioVersion = 10.0.40219.1
Project("{FAE04EC0-301F-11D3-BF4B-00C04F79EFBC}") = "Shabeiko Organic Farm (E-Commerce)", "Shabeiko Organic Farm (E-Commerce)\Shabeiko Organic Farm (E-Commerce).csproj", "{9937E65C-98E2-44A6-A8EF-E3174AC66F8D}"
EndProject
Global
	GlobalSection(SolutionConfigurationPlatforms) = preSolution
		Debug|Any CPU = Debug|Any CPU
		Release|Any CPU = Release|Any CPU
	EndGlobalSection
	GlobalSection(ProjectConfigurationPlatforms) = postSolution
		{9937E65C-98E2-44A6-A8EF-E3174AC66F8D}.Debug|Any CPU.ActiveCfg = Debug|Any CPU
		{9937E65C-98E2-44A6-A8EF-E3174AC66F8D}.Debug|Any CPU.Build.0 = Debug|Any CPU
		{9937E65C-98E2-44A6-A8EF-E3174AC66F8D}.Release|Any CPU.ActiveCfg = Release|Any CPU
		{9937E65C-98E2-44A6-A8EF-E3174AC66F8D}.Release|Any CPU.Build.0 = Release|Any CPU
	EndGlobalSection
	GlobalSection(SolutionProperties) = preSolution
		HideSolutionNode = FALSE
	EndGlobalSection
	GlobalSection(ExtensibilityGlobals) = postSolution
		SolutionGuid = {F6BDBE9B-4582-4365-AF10-0D9640A31763}
	EndGlobalSection
EndGlobal
